" Generated by vim-plug
" Thu Feb 25 10:03:46 2021
" :source this file in vim to restore the snapshot
" or execute: vim -S snapshot.vim

silent! let g:plugs['better-vim-tmux-resizer'].commit = '530c632a2c4aebdde34be537537730a130a06e55'
silent! let g:plugs['coc.nvim'].commit = '70e5a383cd1c5e39505ef016e8507e7daa4bc7dc'
silent! let g:plugs['diffconflicts'].commit = '69e94953f2d237cdbe1981788e403dde71b3610b'
silent! let g:plugs['editorconfig-vim'].commit = '047c4b455b9d56adee63a52d6d7cdf5bb6521d53'
silent! let g:plugs['fzf'].commit = '1137404190be7cf51ba647b76f4be2a11cc7d85f'
silent! let g:plugs['fzf.vim'].commit = '02a192ea0bed22a015e005b281e55e0da2a8e496'
silent! let g:plugs['nerdtree'].commit = 'a1fa4a33bf16b6661e502080fc97788bb98afd35'
silent! let g:plugs['nerdtree-git-plugin'].commit = '5fa0e3e1487b17f8a23fc2674ebde5f55ce6a816'
silent! let g:plugs['notational-fzf-vim'].commit = '95391660f81c813816723389e1bc21c6078c1e4f'
silent! let g:plugs['ps-time-vim'].commit = '0b40a28b8fccd44cd56bb9ec5ce3276d83a6154d'
silent! let g:plugs['terminus'].commit = '51c9bf43427af5ddff7352707a2bdab58cac9593'
silent! let g:plugs['vim-airline'].commit = 'cb1bc19064d3762e4e08103afb37a246b797d902'
silent! let g:plugs['vim-airline-themes'].commit = 'd148d42d9caf331ff08b6cae683d5b210003cde7'
silent! let g:plugs['vim-commentary'].commit = 'f8238d70f873969fb41bf6a6b07ca63a4c0b82b1'
silent! let g:plugs['vim-devicons'].commit = '4d14cb82cf7381c2f8eca284d1a757faaa73b159'
silent! let g:plugs['vim-floaterm'].commit = 'c66412d238bd2e6c7b84c01a7e92b399bfbf1915'
silent! let g:plugs['vim-gitgutter'].commit = '1283ec1670d1f4fce37213c5d66924088b2e730c'
silent! let g:plugs['vim-graphql'].commit = '553d125f7b0e56743e80e2439f5cd7f27771a8e3'
silent! let g:plugs['vim-mdx-js'].commit = '17179d7f2a73172af5f9a8d65b01a3acf12ddd50'
silent! let g:plugs['vim-nerdtree-syntax-highlight'].commit = '5178ee4d7f4e7761187df30bb709f703d91df18a'
silent! let g:plugs['vim-node'].commit = 'ede047791792b9530ba1ae73ed86e9671cdd96b8'
silent! let g:plugs['vim-one'].commit = '187f5c85b682c1933f8780d4d419c55d26a82e24'
silent! let g:plugs['vim-polyglot'].commit = '4c10562d2cc9b084518284c49a158558da5180a7'
silent! let g:plugs['vim-projectionist'].commit = '348e070867d02bd471df486bfbe25e2e2ce13061'
silent! let g:plugs['vim-surround'].commit = 'f51a26d3710629d031806305b6c8727189cd1935'
silent! let g:plugs['vim-tmux-navigator'].commit = '6a1e58c3ca3bc7acca36c90521b3dfae83b2a602'
silent! let g:plugs['vim-tsx'].commit = '77c89c42e189fefd3c9a632b37b7e3b3b9edf918'
silent! let g:plugs['vimwiki'].commit = '619f04f89861c58e5a6415a4f83847752928252d'
silent! let g:plugs['yats'].commit = '11112853180a933574f431cf78cd5a462ee3f473'

PlugUpdate!

