" Generated by vim-plug
" Fri Jul 19 08:25:58 2019
" :source this file in vim to restore the snapshot
" or execute: vim -S snapshot.vim

silent! let g:plugs['ale'].commit = '65ba4b8'
silent! let g:plugs['auto-pairs'].commit = '39f06b8'
silent! let g:plugs['coc.nvim'].commit = 'fa429d0b'
silent! let g:plugs['diffconflicts'].commit = 'b097baa'
silent! let g:plugs['editorconfig-vim'].commit = '37bedf8'
silent! let g:plugs['fzf'].commit = '9517462'
silent! let g:plugs['fzf.vim'].commit = '91ed5f4'
silent! let g:plugs['nerdtree'].commit = '33fe2fd'
silent! let g:plugs['nerdtree-git-plugin'].commit = '0501cdf'
silent! let g:plugs['notational-fzf-vim'].commit = '9daf78b'
silent! let g:plugs['overlength.vim'].commit = 'd983d67'
silent! let g:plugs['terminus'].commit = '0c826f1'
silent! let g:plugs['vim-airline'].commit = '2db9b27'
silent! let g:plugs['vim-airline-themes'].commit = 'e6f2332'
silent! let g:plugs['vim-commentary'].commit = '141d9d3'
silent! let g:plugs['vim-devicons'].commit = '793fda6'
silent! let g:plugs['vim-fugitive'].commit = '6d42c7d'
silent! let g:plugs['vim-gitgutter'].commit = '8aac968'
silent! let g:plugs['vim-graphql'].commit = '792c7bc'
silent! let g:plugs['vim-highlightedyank'].commit = '51e25c9'
silent! let g:plugs['vim-js-pretty-template'].commit = '12d6e3a'
silent! let g:plugs['vim-nerdtree-syntax-highlight'].commit = 'c62a66a'
silent! let g:plugs['vim-node'].commit = 'ede0477'
silent! let g:plugs['vim-one'].commit = '6695e13'
silent! let g:plugs['vim-polyglot'].commit = 'd527002'
silent! let g:plugs['vim-prettier'].commit = 'dc1dd62'
silent! let g:plugs['vim-projectionist'].commit = '92ff29c'
silent! let g:plugs['vim-startify'].commit = 'a27df83'
silent! let g:plugs['vim-surround'].commit = 'ca58a2d'
silent! let g:plugs['vim-test'].commit = '9657045'
silent! let g:plugs['vim-tmux-navigator'].commit = '4e1a877'
silent! let g:plugs['vim-tsx'].commit = '77c89c4'

PlugUpdate!

