" Generated by vim-plug
" Tue Jul 30 12:31:55 2019
" :source this file in vim to restore the snapshot
" or execute: vim -S snapshot.vim

silent! let g:plugs['coc-css'].commit = '235009a'
silent! let g:plugs['coc-eslint'].commit = 'c8f1639'
silent! let g:plugs['coc-git'].commit = 'e7f37ce'
silent! let g:plugs['coc-html'].commit = 'f88704f'
silent! let g:plugs['coc-json'].commit = 'ed9743a'
silent! let g:plugs['coc-pairs'].commit = '3070d22'
silent! let g:plugs['coc-prettier'].commit = '79ebb63'
silent! let g:plugs['coc-svg'].commit = '2402136'
silent! let g:plugs['coc-tslint-plugin'].commit = 'acc1356'
silent! let g:plugs['coc-tsserver'].commit = 'e8c91d5'
silent! let g:plugs['coc-yaml'].commit = 'aca9aae'
silent! let g:plugs['coc-yank'].commit = '3e89571'
silent! let g:plugs['coc.nvim'].commit = 'a04b96a7'
silent! let g:plugs['diffconflicts'].commit = '61765d0'
silent! let g:plugs['editorconfig-vim'].commit = 'c718cef'
silent! let g:plugs['fzf'].commit = '6577388'
silent! let g:plugs['fzf.vim'].commit = '359a80e'
silent! let g:plugs['nerdtree'].commit = '63c5920'
silent! let g:plugs['nerdtree-git-plugin'].commit = '0501cdf'
silent! let g:plugs['notational-fzf-vim'].commit = '9daf78b'
silent! let g:plugs['terminus'].commit = '0c826f1'
silent! let g:plugs['vim-airline'].commit = 'c213f2a'
silent! let g:plugs['vim-airline-themes'].commit = 'b851658'
silent! let g:plugs['vim-commentary'].commit = '141d9d3'
silent! let g:plugs['vim-devicons'].commit = '0c9e6fa'
silent! let g:plugs['vim-gitgutter'].commit = 'c75c83d'
silent! let g:plugs['vim-graphql'].commit = 'c0ad78e'
silent! let g:plugs['vim-nerdtree-syntax-highlight'].commit = 'c62a66a'
silent! let g:plugs['vim-node'].commit = 'ede0477'
silent! let g:plugs['vim-one'].commit = '6695e13'
silent! let g:plugs['vim-polyglot'].commit = '3ddca5d'
silent! let g:plugs['vim-projectionist'].commit = 'e07013a'
silent! let g:plugs['vim-surround'].commit = 'fab8621'
silent! let g:plugs['vim-tmux-navigator'].commit = '4e1a877'
silent! let g:plugs['vim-tsx'].commit = '77c89c4'

PlugUpdate!

